
Microsoft Visual Studio Solution File, Format Version 12.00
# Visual Studio Version 16
VisualStudioVersion = 16.0.31205.134
MinimumVisualStudioVersion = 10.0.40219.1
Project("{9A19103F-16F7-4668-BE54-9A1E7A4F7556}") = "Console_Programlama", "Console_Programlama\Console_Programlama.csproj", "{925E0976-0CF3-463A-B5C1-D23D01D484E3}"
EndProject
Project("{9A19103F-16F7-4668-BE54-9A1E7A4F7556}") = "Degiskenler", "Degiskenler\Degiskenler.csproj", "{82A67131-81E0-4F31-9EAA-75406DFE08AE}"
EndProject
Project("{9A19103F-16F7-4668-BE54-9A1E7A4F7556}") = "Oparetorler", "Oparetorler\Oparetorler.csproj", "{0477A884-47F0-4072-B1BF-4696721D33F5}"
EndProject
Project("{9A19103F-16F7-4668-BE54-9A1E7A4F7556}") = "Tip_Donusumleri", "Tip_Donusumleri\Tip_Donusumleri.csproj", "{84C87429-ABAD-42F7-AE19-F544DC5E251B}"
EndProject
Project("{9A19103F-16F7-4668-BE54-9A1E7A4F7556}") = "If_Else_Ternart_If", "If_Else_Ternart_If\If_Else_Ternart_If.csproj", "{60483960-F136-42D8-A8E9-2D72547D4C4B}"
EndProject
Project("{9A19103F-16F7-4668-BE54-9A1E7A4F7556}") = "Switch_Case", "Switch_Case\Switch_Case.csproj", "{4087A326-27CD-4002-8834-2D94D7869348}"
EndProject
Project("{9A19103F-16F7-4668-BE54-9A1E7A4F7556}") = "For_Dongüsü", "For_Dongüsü\For_Dongüsü.csproj", "{56621834-53D2-4803-9314-2E2A353630B3}"
EndProject
Project("{9A19103F-16F7-4668-BE54-9A1E7A4F7556}") = "While_ForEach", "While_ForEach\While_ForEach.csproj", "{A08AAB71-AD48-4884-AB6C-5CB25A47AABD}"
EndProject
Project("{9A19103F-16F7-4668-BE54-9A1E7A4F7556}") = "Diziler", "Diziler\Diziler.csproj", "{A776878B-B465-4DC3-8B50-89B444800375}"
EndProject
Project("{9A19103F-16F7-4668-BE54-9A1E7A4F7556}") = "Methodlar", "Methodlar\Methodlar.csproj", "{54D4CBF1-2F3D-41BA-A927-BA987CC6BD2B}"
EndProject
Project("{9A19103F-16F7-4668-BE54-9A1E7A4F7556}") = "Method_Overloading", "Method_Overloading\Method_Overloading.csproj", "{10AC06B4-BB6A-487E-AAD8-FB7F5B72D592}"
EndProject
Project("{9A19103F-16F7-4668-BE54-9A1E7A4F7556}") = "Algoritma_Sorulari", "Algoritma_Sorulari\Algoritma_Sorulari.csproj", "{5EB1C6C8-6110-430D-A910-20A587A18C37}"
EndProject
Project("{9A19103F-16F7-4668-BE54-9A1E7A4F7556}") = "ArrayMethod", "ArrayMethod\ArrayMethod.csproj", "{02C15E1A-5226-4033-B6B1-352AD94635CC}"
EndProject
Project("{FAE04EC0-301F-11D3-BF4B-00C04F79EFBC}") = "Array_List", "Array_List\Array_List.csproj", "{23BD4D2A-E84B-4214-B571-A48603511172}"
EndProject
Project("{9A19103F-16F7-4668-BE54-9A1E7A4F7556}") = "Extension_Rekürsif_Metotlar", "Extension_Rekürsif_Metotlar\Extension_Rekürsif_Metotlar.csproj", "{ADD9F7F5-F8DB-49CF-A8D3-1F20B42DA622}"
EndProject
Project("{9A19103F-16F7-4668-BE54-9A1E7A4F7556}") = "StringMetotlar", "StringMetotlar\StringMetotlar.csproj", "{C8B121ED-23DB-430D-B610-FA0328C48174}"
EndProject
Project("{9A19103F-16F7-4668-BE54-9A1E7A4F7556}") = "Datetime_Math_metotları", "Datetime_Math_metotları\Datetime_Math_metotları.csproj", "{5580C8C4-B4CF-4CB3-94E1-B0A182539497}"
EndProject
Project("{FAE04EC0-301F-11D3-BF4B-00C04F79EFBC}") = "GenericList", "GenericList\GenericList.csproj", "{80AAD143-6314-45C0-A5D7-69F991779BFD}"
EndProject
Project("{FAE04EC0-301F-11D3-BF4B-00C04F79EFBC}") = "Dictionary", "Dictionary\Dictionary.csproj", "{B940E4F9-5BFB-4A07-AEDC-F301A302E17B}"
EndProject
Project("{FAE04EC0-301F-11D3-BF4B-00C04F79EFBC}") = "Koleksiyonlarla_ilgili_algoritma_soruları", "Koleksiyonlarla_ilgili_algoritma_soruları\Koleksiyonlarla_ilgili_algoritma_soruları.csproj", "{BEDF1C5F-823B-4855-B04C-771282E01AE8}"
EndProject
Project("{FAE04EC0-301F-11D3-BF4B-00C04F79EFBC}") = "Koleksiyonlarla_ilgili_algoritma_soruları_2", "Koleksiyonlarla_ilgili_algoritma_soruları_2\Koleksiyonlarla_ilgili_algoritma_soruları_2.csproj", "{3FAD9EDF-5A9E-4776-AC2C-75EFC0BE6512}"
EndProject
Project("{FAE04EC0-301F-11D3-BF4B-00C04F79EFBC}") = "Koleksiyonlarla_ilgili_algoritma_soruları_3", "Koleksiyonlarla_ilgili_algoritma_soruları_3\Koleksiyonlarla_ilgili_algoritma_soruları_3.csproj", "{15692E4C-66C0-4D58-AB9E-4A91114943DB}"
EndProject
Global
	GlobalSection(SolutionConfigurationPlatforms) = preSolution
		Debug|Any CPU = Debug|Any CPU
		Release|Any CPU = Release|Any CPU
	EndGlobalSection
	GlobalSection(ProjectConfigurationPlatforms) = postSolution
		{925E0976-0CF3-463A-B5C1-D23D01D484E3}.Debug|Any CPU.ActiveCfg = Debug|Any CPU
		{925E0976-0CF3-463A-B5C1-D23D01D484E3}.Debug|Any CPU.Build.0 = Debug|Any CPU
		{925E0976-0CF3-463A-B5C1-D23D01D484E3}.Release|Any CPU.ActiveCfg = Release|Any CPU
		{925E0976-0CF3-463A-B5C1-D23D01D484E3}.Release|Any CPU.Build.0 = Release|Any CPU
		{82A67131-81E0-4F31-9EAA-75406DFE08AE}.Debug|Any CPU.ActiveCfg = Debug|Any CPU
		{82A67131-81E0-4F31-9EAA-75406DFE08AE}.Debug|Any CPU.Build.0 = Debug|Any CPU
		{82A67131-81E0-4F31-9EAA-75406DFE08AE}.Release|Any CPU.ActiveCfg = Release|Any CPU
		{82A67131-81E0-4F31-9EAA-75406DFE08AE}.Release|Any CPU.Build.0 = Release|Any CPU
		{0477A884-47F0-4072-B1BF-4696721D33F5}.Debug|Any CPU.ActiveCfg = Debug|Any CPU
		{0477A884-47F0-4072-B1BF-4696721D33F5}.Debug|Any CPU.Build.0 = Debug|Any CPU
		{0477A884-47F0-4072-B1BF-4696721D33F5}.Release|Any CPU.ActiveCfg = Release|Any CPU
		{0477A884-47F0-4072-B1BF-4696721D33F5}.Release|Any CPU.Build.0 = Release|Any CPU
		{84C87429-ABAD-42F7-AE19-F544DC5E251B}.Debug|Any CPU.ActiveCfg = Debug|Any CPU
		{84C87429-ABAD-42F7-AE19-F544DC5E251B}.Debug|Any CPU.Build.0 = Debug|Any CPU
		{84C87429-ABAD-42F7-AE19-F544DC5E251B}.Release|Any CPU.ActiveCfg = Release|Any CPU
		{84C87429-ABAD-42F7-AE19-F544DC5E251B}.Release|Any CPU.Build.0 = Release|Any CPU
		{60483960-F136-42D8-A8E9-2D72547D4C4B}.Debug|Any CPU.ActiveCfg = Debug|Any CPU
		{60483960-F136-42D8-A8E9-2D72547D4C4B}.Debug|Any CPU.Build.0 = Debug|Any CPU
		{60483960-F136-42D8-A8E9-2D72547D4C4B}.Release|Any CPU.ActiveCfg = Release|Any CPU
		{60483960-F136-42D8-A8E9-2D72547D4C4B}.Release|Any CPU.Build.0 = Release|Any CPU
		{4087A326-27CD-4002-8834-2D94D7869348}.Debug|Any CPU.ActiveCfg = Debug|Any CPU
		{4087A326-27CD-4002-8834-2D94D7869348}.Debug|Any CPU.Build.0 = Debug|Any CPU
		{4087A326-27CD-4002-8834-2D94D7869348}.Release|Any CPU.ActiveCfg = Release|Any CPU
		{4087A326-27CD-4002-8834-2D94D7869348}.Release|Any CPU.Build.0 = Release|Any CPU
		{56621834-53D2-4803-9314-2E2A353630B3}.Debug|Any CPU.ActiveCfg = Debug|Any CPU
		{56621834-53D2-4803-9314-2E2A353630B3}.Debug|Any CPU.Build.0 = Debug|Any CPU
		{56621834-53D2-4803-9314-2E2A353630B3}.Release|Any CPU.ActiveCfg = Release|Any CPU
		{56621834-53D2-4803-9314-2E2A353630B3}.Release|Any CPU.Build.0 = Release|Any CPU
		{A08AAB71-AD48-4884-AB6C-5CB25A47AABD}.Debug|Any CPU.ActiveCfg = Debug|Any CPU
		{A08AAB71-AD48-4884-AB6C-5CB25A47AABD}.Debug|Any CPU.Build.0 = Debug|Any CPU
		{A08AAB71-AD48-4884-AB6C-5CB25A47AABD}.Release|Any CPU.ActiveCfg = Release|Any CPU
		{A08AAB71-AD48-4884-AB6C-5CB25A47AABD}.Release|Any CPU.Build.0 = Release|Any CPU
		{A776878B-B465-4DC3-8B50-89B444800375}.Debug|Any CPU.ActiveCfg = Debug|Any CPU
		{A776878B-B465-4DC3-8B50-89B444800375}.Debug|Any CPU.Build.0 = Debug|Any CPU
		{A776878B-B465-4DC3-8B50-89B444800375}.Release|Any CPU.ActiveCfg = Release|Any CPU
		{A776878B-B465-4DC3-8B50-89B444800375}.Release|Any CPU.Build.0 = Release|Any CPU
		{54D4CBF1-2F3D-41BA-A927-BA987CC6BD2B}.Debug|Any CPU.ActiveCfg = Debug|Any CPU
		{54D4CBF1-2F3D-41BA-A927-BA987CC6BD2B}.Debug|Any CPU.Build.0 = Debug|Any CPU
		{54D4CBF1-2F3D-41BA-A927-BA987CC6BD2B}.Release|Any CPU.ActiveCfg = Release|Any CPU
		{54D4CBF1-2F3D-41BA-A927-BA987CC6BD2B}.Release|Any CPU.Build.0 = Release|Any CPU
		{10AC06B4-BB6A-487E-AAD8-FB7F5B72D592}.Debug|Any CPU.ActiveCfg = Debug|Any CPU
		{10AC06B4-BB6A-487E-AAD8-FB7F5B72D592}.Debug|Any CPU.Build.0 = Debug|Any CPU
		{10AC06B4-BB6A-487E-AAD8-FB7F5B72D592}.Release|Any CPU.ActiveCfg = Release|Any CPU
		{10AC06B4-BB6A-487E-AAD8-FB7F5B72D592}.Release|Any CPU.Build.0 = Release|Any CPU
		{5EB1C6C8-6110-430D-A910-20A587A18C37}.Debug|Any CPU.ActiveCfg = Debug|Any CPU
		{5EB1C6C8-6110-430D-A910-20A587A18C37}.Debug|Any CPU.Build.0 = Debug|Any CPU
		{5EB1C6C8-6110-430D-A910-20A587A18C37}.Release|Any CPU.ActiveCfg = Release|Any CPU
		{5EB1C6C8-6110-430D-A910-20A587A18C37}.Release|Any CPU.Build.0 = Release|Any CPU
		{02C15E1A-5226-4033-B6B1-352AD94635CC}.Debug|Any CPU.ActiveCfg = Debug|Any CPU
		{02C15E1A-5226-4033-B6B1-352AD94635CC}.Debug|Any CPU.Build.0 = Debug|Any CPU
		{02C15E1A-5226-4033-B6B1-352AD94635CC}.Release|Any CPU.ActiveCfg = Release|Any CPU
		{02C15E1A-5226-4033-B6B1-352AD94635CC}.Release|Any CPU.Build.0 = Release|Any CPU
		{23BD4D2A-E84B-4214-B571-A48603511172}.Debug|Any CPU.ActiveCfg = Debug|Any CPU
		{23BD4D2A-E84B-4214-B571-A48603511172}.Debug|Any CPU.Build.0 = Debug|Any CPU
		{23BD4D2A-E84B-4214-B571-A48603511172}.Release|Any CPU.ActiveCfg = Release|Any CPU
		{23BD4D2A-E84B-4214-B571-A48603511172}.Release|Any CPU.Build.0 = Release|Any CPU
		{ADD9F7F5-F8DB-49CF-A8D3-1F20B42DA622}.Debug|Any CPU.ActiveCfg = Debug|Any CPU
		{ADD9F7F5-F8DB-49CF-A8D3-1F20B42DA622}.Debug|Any CPU.Build.0 = Debug|Any CPU
		{ADD9F7F5-F8DB-49CF-A8D3-1F20B42DA622}.Release|Any CPU.ActiveCfg = Release|Any CPU
		{ADD9F7F5-F8DB-49CF-A8D3-1F20B42DA622}.Release|Any CPU.Build.0 = Release|Any CPU
		{C8B121ED-23DB-430D-B610-FA0328C48174}.Debug|Any CPU.ActiveCfg = Debug|Any CPU
		{C8B121ED-23DB-430D-B610-FA0328C48174}.Debug|Any CPU.Build.0 = Debug|Any CPU
		{C8B121ED-23DB-430D-B610-FA0328C48174}.Release|Any CPU.ActiveCfg = Release|Any CPU
		{C8B121ED-23DB-430D-B610-FA0328C48174}.Release|Any CPU.Build.0 = Release|Any CPU
		{5580C8C4-B4CF-4CB3-94E1-B0A182539497}.Debug|Any CPU.ActiveCfg = Debug|Any CPU
		{5580C8C4-B4CF-4CB3-94E1-B0A182539497}.Debug|Any CPU.Build.0 = Debug|Any CPU
		{5580C8C4-B4CF-4CB3-94E1-B0A182539497}.Release|Any CPU.ActiveCfg = Release|Any CPU
		{5580C8C4-B4CF-4CB3-94E1-B0A182539497}.Release|Any CPU.Build.0 = Release|Any CPU
		{80AAD143-6314-45C0-A5D7-69F991779BFD}.Debug|Any CPU.ActiveCfg = Debug|Any CPU
		{80AAD143-6314-45C0-A5D7-69F991779BFD}.Debug|Any CPU.Build.0 = Debug|Any CPU
		{80AAD143-6314-45C0-A5D7-69F991779BFD}.Release|Any CPU.ActiveCfg = Release|Any CPU
		{80AAD143-6314-45C0-A5D7-69F991779BFD}.Release|Any CPU.Build.0 = Release|Any CPU
		{B940E4F9-5BFB-4A07-AEDC-F301A302E17B}.Debug|Any CPU.ActiveCfg = Debug|Any CPU
		{B940E4F9-5BFB-4A07-AEDC-F301A302E17B}.Debug|Any CPU.Build.0 = Debug|Any CPU
		{B940E4F9-5BFB-4A07-AEDC-F301A302E17B}.Release|Any CPU.ActiveCfg = Release|Any CPU
		{B940E4F9-5BFB-4A07-AEDC-F301A302E17B}.Release|Any CPU.Build.0 = Release|Any CPU
		{BEDF1C5F-823B-4855-B04C-771282E01AE8}.Debug|Any CPU.ActiveCfg = Debug|Any CPU
		{BEDF1C5F-823B-4855-B04C-771282E01AE8}.Debug|Any CPU.Build.0 = Debug|Any CPU
		{BEDF1C5F-823B-4855-B04C-771282E01AE8}.Release|Any CPU.ActiveCfg = Release|Any CPU
		{BEDF1C5F-823B-4855-B04C-771282E01AE8}.Release|Any CPU.Build.0 = Release|Any CPU
		{3FAD9EDF-5A9E-4776-AC2C-75EFC0BE6512}.Debug|Any CPU.ActiveCfg = Debug|Any CPU
		{3FAD9EDF-5A9E-4776-AC2C-75EFC0BE6512}.Debug|Any CPU.Build.0 = Debug|Any CPU
		{3FAD9EDF-5A9E-4776-AC2C-75EFC0BE6512}.Release|Any CPU.ActiveCfg = Release|Any CPU
		{3FAD9EDF-5A9E-4776-AC2C-75EFC0BE6512}.Release|Any CPU.Build.0 = Release|Any CPU
		{15692E4C-66C0-4D58-AB9E-4A91114943DB}.Debug|Any CPU.ActiveCfg = Debug|Any CPU
		{15692E4C-66C0-4D58-AB9E-4A91114943DB}.Debug|Any CPU.Build.0 = Debug|Any CPU
		{15692E4C-66C0-4D58-AB9E-4A91114943DB}.Release|Any CPU.ActiveCfg = Release|Any CPU
		{15692E4C-66C0-4D58-AB9E-4A91114943DB}.Release|Any CPU.Build.0 = Release|Any CPU
	EndGlobalSection
	GlobalSection(SolutionProperties) = preSolution
		HideSolutionNode = FALSE
	EndGlobalSection
	GlobalSection(ExtensibilityGlobals) = postSolution
		SolutionGuid = {98710838-4879-4DE5-BE59-512CE8C13F5D}
	EndGlobalSection
EndGlobal
